
Microsoft Visual Studio Solution File, Format Version 12.00
# Visual Studio Version 17
VisualStudioVersion = 17.0.31903.59
MinimumVisualStudioVersion = 10.0.40219.1
Project("{2150E333-8FDC-42A3-9474-1A3956D46DE8}") = "src", "src", "{827E0CD3-B72D-47B6-A68D-7590B98EB39B}"
EndProject
Project("{FAE04EC0-301F-11D3-BF4B-00C04F79EFBC}") = "PayMaestro.API", "src\PayMaestro.API\PayMaestro.API.csproj", "{C3C3FA7F-654C-4208-A079-851E9F785C70}"
EndProject
Project("{FAE04EC0-301F-11D3-BF4B-00C04F79EFBC}") = "PayMaestro.Domain", "src\PayMaestro.Domain\PayMaestro.Domain.csproj", "{4FB11B8E-51D1-43D7-8998-22EFF5DBD8FA}"
EndProject
Project("{FAE04EC0-301F-11D3-BF4B-00C04F79EFBC}") = "PayMaestro.Application", "src\PayMaestro.Application\PayMaestro.Application.csproj", "{4A00AD94-1F79-4FBD-AD4B-802ABEEFF8F4}"
EndProject
Project("{FAE04EC0-301F-11D3-BF4B-00C04F79EFBC}") = "PayMaestro.Infrastructure", "src\PayMaestro.Infrastructure\PayMaestro.Infrastructure.csproj", "{8F19A715-28E3-4400-80FF-9887EE02D920}"
EndProject
Project("{2150E333-8FDC-42A3-9474-1A3956D46DE8}") = "tests", "tests", "{0AB3BF05-4346-4AA6-1389-037BE0695223}"
EndProject
Project("{FAE04EC0-301F-11D3-BF4B-00C04F79EFBC}") = "PayMaestro.Tests", "tests\PayMaestro.Tests\PayMaestro.Tests.csproj", "{A953C6CA-1AD2-40F1-AC1E-685927E3A5B4}"
EndProject
Project("{FAE04EC0-301F-11D3-BF4B-00C04F79EFBC}") = "PayMaestro.FakeProvider", "src\PayMaestro.FakeProvider\PayMaestro.FakeProvider.csproj", "{780C76C1-2618-4906-B6B4-41669963B5F3}"
EndProject
Global
	GlobalSection(SolutionConfigurationPlatforms) = preSolution
		Debug|Any CPU = Debug|Any CPU
		Debug|x64 = Debug|x64
		Debug|x86 = Debug|x86
		Release|Any CPU = Release|Any CPU
		Release|x64 = Release|x64
		Release|x86 = Release|x86
	EndGlobalSection
	GlobalSection(ProjectConfigurationPlatforms) = postSolution
		{C3C3FA7F-654C-4208-A079-851E9F785C70}.Debug|Any CPU.ActiveCfg = Debug|Any CPU
		{C3C3FA7F-654C-4208-A079-851E9F785C70}.Debug|Any CPU.Build.0 = Debug|Any CPU
		{C3C3FA7F-654C-4208-A079-851E9F785C70}.Debug|x64.ActiveCfg = Debug|Any CPU
		{C3C3FA7F-654C-4208-A079-851E9F785C70}.Debug|x64.Build.0 = Debug|Any CPU
		{C3C3FA7F-654C-4208-A079-851E9F785C70}.Debug|x86.ActiveCfg = Debug|Any CPU
		{C3C3FA7F-654C-4208-A079-851E9F785C70}.Debug|x86.Build.0 = Debug|Any CPU
		{C3C3FA7F-654C-4208-A079-851E9F785C70}.Release|Any CPU.ActiveCfg = Release|Any CPU
		{C3C3FA7F-654C-4208-A079-851E9F785C70}.Release|Any CPU.Build.0 = Release|Any CPU
		{C3C3FA7F-654C-4208-A079-851E9F785C70}.Release|x64.ActiveCfg = Release|Any CPU
		{C3C3FA7F-654C-4208-A079-851E9F785C70}.Release|x64.Build.0 = Release|Any CPU
		{C3C3FA7F-654C-4208-A079-851E9F785C70}.Release|x86.ActiveCfg = Release|Any CPU
		{C3C3FA7F-654C-4208-A079-851E9F785C70}.Release|x86.Build.0 = Release|Any CPU
		{4FB11B8E-51D1-43D7-8998-22EFF5DBD8FA}.Debug|Any CPU.ActiveCfg = Debug|Any CPU
		{4FB11B8E-51D1-43D7-8998-22EFF5DBD8FA}.Debug|Any CPU.Build.0 = Debug|Any CPU
		{4FB11B8E-51D1-43D7-8998-22EFF5DBD8FA}.Debug|x64.ActiveCfg = Debug|Any CPU
		{4FB11B8E-51D1-43D7-8998-22EFF5DBD8FA}.Debug|x64.Build.0 = Debug|Any CPU
		{4FB11B8E-51D1-43D7-8998-22EFF5DBD8FA}.Debug|x86.ActiveCfg = Debug|Any CPU
		{4FB11B8E-51D1-43D7-8998-22EFF5DBD8FA}.Debug|x86.Build.0 = Debug|Any CPU
		{4FB11B8E-51D1-43D7-8998-22EFF5DBD8FA}.Release|Any CPU.ActiveCfg = Release|Any CPU
		{4FB11B8E-51D1-43D7-8998-22EFF5DBD8FA}.Release|Any CPU.Build.0 = Release|Any CPU
		{4FB11B8E-51D1-43D7-8998-22EFF5DBD8FA}.Release|x64.ActiveCfg = Release|Any CPU
		{4FB11B8E-51D1-43D7-8998-22EFF5DBD8FA}.Release|x64.Build.0 = Release|Any CPU
		{4FB11B8E-51D1-43D7-8998-22EFF5DBD8FA}.Release|x86.ActiveCfg = Release|Any CPU
		{4FB11B8E-51D1-43D7-8998-22EFF5DBD8FA}.Release|x86.Build.0 = Release|Any CPU
		{4A00AD94-1F79-4FBD-AD4B-802ABEEFF8F4}.Debug|Any CPU.ActiveCfg = Debug|Any CPU
		{4A00AD94-1F79-4FBD-AD4B-802ABEEFF8F4}.Debug|Any CPU.Build.0 = Debug|Any CPU
		{4A00AD94-1F79-4FBD-AD4B-802ABEEFF8F4}.Debug|x64.ActiveCfg = Debug|Any CPU
		{4A00AD94-1F79-4FBD-AD4B-802ABEEFF8F4}.Debug|x64.Build.0 = Debug|Any CPU
		{4A00AD94-1F79-4FBD-AD4B-802ABEEFF8F4}.Debug|x86.ActiveCfg = Debug|Any CPU
		{4A00AD94-1F79-4FBD-AD4B-802ABEEFF8F4}.Debug|x86.Build.0 = Debug|Any CPU
		{4A00AD94-1F79-4FBD-AD4B-802ABEEFF8F4}.Release|Any CPU.ActiveCfg = Release|Any CPU
		{4A00AD94-1F79-4FBD-AD4B-802ABEEFF8F4}.Release|Any CPU.Build.0 = Release|Any CPU
		{4A00AD94-1F79-4FBD-AD4B-802ABEEFF8F4}.Release|x64.ActiveCfg = Release|Any CPU
		{4A00AD94-1F79-4FBD-AD4B-802ABEEFF8F4}.Release|x64.Build.0 = Release|Any CPU
		{4A00AD94-1F79-4FBD-AD4B-802ABEEFF8F4}.Release|x86.ActiveCfg = Release|Any CPU
		{4A00AD94-1F79-4FBD-AD4B-802ABEEFF8F4}.Release|x86.Build.0 = Release|Any CPU
		{8F19A715-28E3-4400-80FF-9887EE02D920}.Debug|Any CPU.ActiveCfg = Debug|Any CPU
		{8F19A715-28E3-4400-80FF-9887EE02D920}.Debug|Any CPU.Build.0 = Debug|Any CPU
		{8F19A715-28E3-4400-80FF-9887EE02D920}.Debug|x64.ActiveCfg = Debug|Any CPU
		{8F19A715-28E3-4400-80FF-9887EE02D920}.Debug|x64.Build.0 = Debug|Any CPU
		{8F19A715-28E3-4400-80FF-9887EE02D920}.Debug|x86.ActiveCfg = Debug|Any CPU
		{8F19A715-28E3-4400-80FF-9887EE02D920}.Debug|x86.Build.0 = Debug|Any CPU
		{8F19A715-28E3-4400-80FF-9887EE02D920}.Release|Any CPU.ActiveCfg = Release|Any CPU
		{8F19A715-28E3-4400-80FF-9887EE02D920}.Release|Any CPU.Build.0 = Release|Any CPU
		{8F19A715-28E3-4400-80FF-9887EE02D920}.Release|x64.ActiveCfg = Release|Any CPU
		{8F19A715-28E3-4400-80FF-9887EE02D920}.Release|x64.Build.0 = Release|Any CPU
		{8F19A715-28E3-4400-80FF-9887EE02D920}.Release|x86.ActiveCfg = Release|Any CPU
		{8F19A715-28E3-4400-80FF-9887EE02D920}.Release|x86.Build.0 = Release|Any CPU
		{A953C6CA-1AD2-40F1-AC1E-685927E3A5B4}.Debug|Any CPU.ActiveCfg = Debug|Any CPU
		{A953C6CA-1AD2-40F1-AC1E-685927E3A5B4}.Debug|Any CPU.Build.0 = Debug|Any CPU
		{A953C6CA-1AD2-40F1-AC1E-685927E3A5B4}.Debug|x64.ActiveCfg = Debug|Any CPU
		{A953C6CA-1AD2-40F1-AC1E-685927E3A5B4}.Debug|x64.Build.0 = Debug|Any CPU
		{A953C6CA-1AD2-40F1-AC1E-685927E3A5B4}.Debug|x86.ActiveCfg = Debug|Any CPU
		{A953C6CA-1AD2-40F1-AC1E-685927E3A5B4}.Debug|x86.Build.0 = Debug|Any CPU
		{A953C6CA-1AD2-40F1-AC1E-685927E3A5B4}.Release|Any CPU.ActiveCfg = Release|Any CPU
		{A953C6CA-1AD2-40F1-AC1E-685927E3A5B4}.Release|Any CPU.Build.0 = Release|Any CPU
		{A953C6CA-1AD2-40F1-AC1E-685927E3A5B4}.Release|x64.ActiveCfg = Release|Any CPU
		{A953C6CA-1AD2-40F1-AC1E-685927E3A5B4}.Release|x64.Build.0 = Release|Any CPU
		{A953C6CA-1AD2-40F1-AC1E-685927E3A5B4}.Release|x86.ActiveCfg = Release|Any CPU
		{A953C6CA-1AD2-40F1-AC1E-685927E3A5B4}.Release|x86.Build.0 = Release|Any CPU
		{780C76C1-2618-4906-B6B4-41669963B5F3}.Debug|Any CPU.ActiveCfg = Debug|Any CPU
		{780C76C1-2618-4906-B6B4-41669963B5F3}.Debug|Any CPU.Build.0 = Debug|Any CPU
		{780C76C1-2618-4906-B6B4-41669963B5F3}.Debug|x64.ActiveCfg = Debug|Any CPU
		{780C76C1-2618-4906-B6B4-41669963B5F3}.Debug|x64.Build.0 = Debug|Any CPU
		{780C76C1-2618-4906-B6B4-41669963B5F3}.Debug|x86.ActiveCfg = Debug|Any CPU
		{780C76C1-2618-4906-B6B4-41669963B5F3}.Debug|x86.Build.0 = Debug|Any CPU
		{780C76C1-2618-4906-B6B4-41669963B5F3}.Release|Any CPU.ActiveCfg = Release|Any CPU
		{780C76C1-2618-4906-B6B4-41669963B5F3}.Release|Any CPU.Build.0 = Release|Any CPU
		{780C76C1-2618-4906-B6B4-41669963B5F3}.Release|x64.ActiveCfg = Release|Any CPU
		{780C76C1-2618-4906-B6B4-41669963B5F3}.Release|x64.Build.0 = Release|Any CPU
		{780C76C1-2618-4906-B6B4-41669963B5F3}.Release|x86.ActiveCfg = Release|Any CPU
		{780C76C1-2618-4906-B6B4-41669963B5F3}.Release|x86.Build.0 = Release|Any CPU
	EndGlobalSection
	GlobalSection(SolutionProperties) = preSolution
		HideSolutionNode = FALSE
	EndGlobalSection
	GlobalSection(NestedProjects) = preSolution
		{C3C3FA7F-654C-4208-A079-851E9F785C70} = {827E0CD3-B72D-47B6-A68D-7590B98EB39B}
		{4FB11B8E-51D1-43D7-8998-22EFF5DBD8FA} = {827E0CD3-B72D-47B6-A68D-7590B98EB39B}
		{4A00AD94-1F79-4FBD-AD4B-802ABEEFF8F4} = {827E0CD3-B72D-47B6-A68D-7590B98EB39B}
		{8F19A715-28E3-4400-80FF-9887EE02D920} = {827E0CD3-B72D-47B6-A68D-7590B98EB39B}
		{A953C6CA-1AD2-40F1-AC1E-685927E3A5B4} = {0AB3BF05-4346-4AA6-1389-037BE0695223}
		{780C76C1-2618-4906-B6B4-41669963B5F3} = {827E0CD3-B72D-47B6-A68D-7590B98EB39B}
	EndGlobalSection
EndGlobal
